
Microsoft Visual Studio Solution File, Format Version 12.00
# Visual Studio Version 17
VisualStudioVersion = 17.2.32616.157
MinimumVisualStudioVersion = 10.0.40219.1
Project("{FAE04EC0-301F-11D3-BF4B-00C04F79EFBC}") = "M01A00Test1", "M01A00Test\M01A00Test1.csproj", "{DCC5E0A3-4048-4991-9726-8AF56CE29123}"
EndProject
Project("{FAE04EC0-301F-11D3-BF4B-00C04F79EFBC}") = "M01A02A-SequenciasDeEscape", "M01A02-SequenciasDeEscape\M01A02A-SequenciasDeEscape.csproj", "{605BC968-BAA3-474A-AB52-A45416D22C84}"
EndProject
Project("{FAE04EC0-301F-11D3-BF4B-00C04F79EFBC}") = "M01A02B-EX1", "M01A02-EX1\M01A02B-EX1.csproj", "{2F2A9B7C-E4D5-4116-84A1-C02B6D0A4722}"
EndProject
Project("{FAE04EC0-301F-11D3-BF4B-00C04F79EFBC}") = "M01A02C-Clear-CursorPosition-ConsoleColor", "M01A02C-Clear\M01A02C-Clear-CursorPosition-ConsoleColor.csproj", "{C92A7520-243E-4E65-93F9-335743E7CBDE}"
EndProject
Project("{FAE04EC0-301F-11D3-BF4B-00C04F79EFBC}") = "M01A03-Comentarios", "M01A03\M01A03-Comentarios.csproj", "{B6E607F1-DBD9-42B4-BFC4-635D52C2DE74}"
EndProject
Project("{FAE04EC0-301F-11D3-BF4B-00C04F79EFBC}") = "M01A04-TiposPrimitivos", "M01A04-TiposPrimitivos\M01A04-TiposPrimitivos.csproj", "{1271D7F4-B116-4118-BE41-D5BC3F0C2E38}"
EndProject
Project("{FAE04EC0-301F-11D3-BF4B-00C04F79EFBC}") = "M01A05A", "M01A05\M01A05A.csproj", "{C35A0B71-4BDF-4759-BAA5-B5F70AA3ABF9}"
EndProject
Project("{FAE04EC0-301F-11D3-BF4B-00C04F79EFBC}") = "M01A05B", "M01A05B\M01A05B.csproj", "{16C2C00D-FC37-4F6C-98EA-D135DF0F20D6}"
EndProject
Project("{FAE04EC0-301F-11D3-BF4B-00C04F79EFBC}") = "M01A06A", "M01A06A\M01A06A.csproj", "{22000CA3-A146-4804-BE5F-EA6CF81AC0ED}"
EndProject
Project("{FAE04EC0-301F-11D3-BF4B-00C04F79EFBC}") = "M01A07A-ConversaoDeVariaveis", "M01A07A\M01A07A-ConversaoDeVariaveis.csproj", "{2659B9E0-2D52-49DF-8584-7E89BEB32574}"
EndProject
Project("{FAE04EC0-301F-11D3-BF4B-00C04F79EFBC}") = "M01A08A-EntradaDeDados-String", "M01A08A-EntradaDeDados\M01A08A-EntradaDeDados-String.csproj", "{793E47DB-ACF7-4243-BF6E-7D2DCD3E8C6C}"
EndProject
Project("{FAE04EC0-301F-11D3-BF4B-00C04F79EFBC}") = "M01A08B-WinForm", "M01A08B-WinForm\M01A08B-WinForm.csproj", "{7A16016A-E0DE-4304-B869-E43570D361DE}"
EndProject
Project("{FAE04EC0-301F-11D3-BF4B-00C04F79EFBC}") = "M01A08C", "M01A08C\M01A08C.csproj", "{CDFB3263-1869-401B-AA9A-3233FF6836B0}"
EndProject
Project("{FAE04EC0-301F-11D3-BF4B-00C04F79EFBC}") = "M01A08D", "M01A08D\M01A08D.csproj", "{CAE85C7A-DDEE-49B0-8DD9-A823C60B8B30}"
EndProject
Project("{FAE04EC0-301F-11D3-BF4B-00C04F79EFBC}") = "M01A08E", "M01A08E\M01A08E.csproj", "{95600E67-36A1-4A17-8104-078D026920C5}"
EndProject
Project("{FAE04EC0-301F-11D3-BF4B-00C04F79EFBC}") = "M01A09-Random", "M01A09-Random\M01A09-Random.csproj", "{11EB18FB-8177-44B2-AD66-9AE303EF1B6A}"
EndProject
Project("{FAE04EC0-301F-11D3-BF4B-00C04F79EFBC}") = "M01A10-DateTime", "M01A10-DateTime\M01A10-DateTime.csproj", "{751E0376-690D-48B0-BBD7-4DC8572096D1}"
EndProject
Project("{FAE04EC0-301F-11D3-BF4B-00C04F79EFBC}") = "M01A11A-Temporizador", "M01A11A-Temporizador\M01A11A-Temporizador.csproj", "{EAF7D2D5-A27C-4BCF-9F9B-3635BCE8773D}"
EndProject
Project("{FAE04EC0-301F-11D3-BF4B-00C04F79EFBC}") = "M01A11B-TempForm", "M01A11B-TempForm\M01A11B-TempForm.csproj", "{A0E92A5C-B70F-411D-B17B-AAEDA1FC4DBF}"
EndProject
Project("{FAE04EC0-301F-11D3-BF4B-00C04F79EFBC}") = "M01A12A-InterpolacaoDeString", "M01A12A-InterpolacaoDeString\M01A12A-InterpolacaoDeString.csproj", "{9D9ED122-B9A8-41DE-A97A-B9F476B0D6AE}"
EndProject
Project("{FAE04EC0-301F-11D3-BF4B-00C04F79EFBC}") = "M01A12B", "M01A12B\M01A12B.csproj", "{A84BA69F-4BDF-48B6-8817-631804694EE7}"
EndProject
Project("{FAE04EC0-301F-11D3-BF4B-00C04F79EFBC}") = "M01A12C", "M01A12C\M01A12C.csproj", "{33B15655-BE56-445A-9906-545771838427}"
EndProject
Project("{FAE04EC0-301F-11D3-BF4B-00C04F79EFBC}") = "M01A13A", "M01A13A\M01A13A.csproj", "{B266672D-881C-4719-B729-7F811D477BAB}"
EndProject
Global
	GlobalSection(SolutionConfigurationPlatforms) = preSolution
		Debug|Any CPU = Debug|Any CPU
		Release|Any CPU = Release|Any CPU
	EndGlobalSection
	GlobalSection(ProjectConfigurationPlatforms) = postSolution
		{DCC5E0A3-4048-4991-9726-8AF56CE29123}.Debug|Any CPU.ActiveCfg = Debug|Any CPU
		{DCC5E0A3-4048-4991-9726-8AF56CE29123}.Debug|Any CPU.Build.0 = Debug|Any CPU
		{DCC5E0A3-4048-4991-9726-8AF56CE29123}.Release|Any CPU.ActiveCfg = Release|Any CPU
		{DCC5E0A3-4048-4991-9726-8AF56CE29123}.Release|Any CPU.Build.0 = Release|Any CPU
		{605BC968-BAA3-474A-AB52-A45416D22C84}.Debug|Any CPU.ActiveCfg = Debug|Any CPU
		{605BC968-BAA3-474A-AB52-A45416D22C84}.Debug|Any CPU.Build.0 = Debug|Any CPU
		{605BC968-BAA3-474A-AB52-A45416D22C84}.Release|Any CPU.ActiveCfg = Release|Any CPU
		{605BC968-BAA3-474A-AB52-A45416D22C84}.Release|Any CPU.Build.0 = Release|Any CPU
		{2F2A9B7C-E4D5-4116-84A1-C02B6D0A4722}.Debug|Any CPU.ActiveCfg = Debug|Any CPU
		{2F2A9B7C-E4D5-4116-84A1-C02B6D0A4722}.Debug|Any CPU.Build.0 = Debug|Any CPU
		{2F2A9B7C-E4D5-4116-84A1-C02B6D0A4722}.Release|Any CPU.ActiveCfg = Release|Any CPU
		{2F2A9B7C-E4D5-4116-84A1-C02B6D0A4722}.Release|Any CPU.Build.0 = Release|Any CPU
		{C92A7520-243E-4E65-93F9-335743E7CBDE}.Debug|Any CPU.ActiveCfg = Debug|Any CPU
		{C92A7520-243E-4E65-93F9-335743E7CBDE}.Debug|Any CPU.Build.0 = Debug|Any CPU
		{C92A7520-243E-4E65-93F9-335743E7CBDE}.Release|Any CPU.ActiveCfg = Release|Any CPU
		{C92A7520-243E-4E65-93F9-335743E7CBDE}.Release|Any CPU.Build.0 = Release|Any CPU
		{B6E607F1-DBD9-42B4-BFC4-635D52C2DE74}.Debug|Any CPU.ActiveCfg = Debug|Any CPU
		{B6E607F1-DBD9-42B4-BFC4-635D52C2DE74}.Debug|Any CPU.Build.0 = Debug|Any CPU
		{B6E607F1-DBD9-42B4-BFC4-635D52C2DE74}.Release|Any CPU.ActiveCfg = Release|Any CPU
		{B6E607F1-DBD9-42B4-BFC4-635D52C2DE74}.Release|Any CPU.Build.0 = Release|Any CPU
		{1271D7F4-B116-4118-BE41-D5BC3F0C2E38}.Debug|Any CPU.ActiveCfg = Debug|Any CPU
		{1271D7F4-B116-4118-BE41-D5BC3F0C2E38}.Debug|Any CPU.Build.0 = Debug|Any CPU
		{1271D7F4-B116-4118-BE41-D5BC3F0C2E38}.Release|Any CPU.ActiveCfg = Release|Any CPU
		{1271D7F4-B116-4118-BE41-D5BC3F0C2E38}.Release|Any CPU.Build.0 = Release|Any CPU
		{C35A0B71-4BDF-4759-BAA5-B5F70AA3ABF9}.Debug|Any CPU.ActiveCfg = Debug|Any CPU
		{C35A0B71-4BDF-4759-BAA5-B5F70AA3ABF9}.Debug|Any CPU.Build.0 = Debug|Any CPU
		{C35A0B71-4BDF-4759-BAA5-B5F70AA3ABF9}.Release|Any CPU.ActiveCfg = Release|Any CPU
		{C35A0B71-4BDF-4759-BAA5-B5F70AA3ABF9}.Release|Any CPU.Build.0 = Release|Any CPU
		{16C2C00D-FC37-4F6C-98EA-D135DF0F20D6}.Debug|Any CPU.ActiveCfg = Debug|Any CPU
		{16C2C00D-FC37-4F6C-98EA-D135DF0F20D6}.Debug|Any CPU.Build.0 = Debug|Any CPU
		{16C2C00D-FC37-4F6C-98EA-D135DF0F20D6}.Release|Any CPU.ActiveCfg = Release|Any CPU
		{16C2C00D-FC37-4F6C-98EA-D135DF0F20D6}.Release|Any CPU.Build.0 = Release|Any CPU
		{22000CA3-A146-4804-BE5F-EA6CF81AC0ED}.Debug|Any CPU.ActiveCfg = Debug|Any CPU
		{22000CA3-A146-4804-BE5F-EA6CF81AC0ED}.Debug|Any CPU.Build.0 = Debug|Any CPU
		{22000CA3-A146-4804-BE5F-EA6CF81AC0ED}.Release|Any CPU.ActiveCfg = Release|Any CPU
		{22000CA3-A146-4804-BE5F-EA6CF81AC0ED}.Release|Any CPU.Build.0 = Release|Any CPU
		{2659B9E0-2D52-49DF-8584-7E89BEB32574}.Debug|Any CPU.ActiveCfg = Debug|Any CPU
		{2659B9E0-2D52-49DF-8584-7E89BEB32574}.Debug|Any CPU.Build.0 = Debug|Any CPU
		{2659B9E0-2D52-49DF-8584-7E89BEB32574}.Release|Any CPU.ActiveCfg = Release|Any CPU
		{2659B9E0-2D52-49DF-8584-7E89BEB32574}.Release|Any CPU.Build.0 = Release|Any CPU
		{793E47DB-ACF7-4243-BF6E-7D2DCD3E8C6C}.Debug|Any CPU.ActiveCfg = Debug|Any CPU
		{793E47DB-ACF7-4243-BF6E-7D2DCD3E8C6C}.Debug|Any CPU.Build.0 = Debug|Any CPU
		{793E47DB-ACF7-4243-BF6E-7D2DCD3E8C6C}.Release|Any CPU.ActiveCfg = Release|Any CPU
		{793E47DB-ACF7-4243-BF6E-7D2DCD3E8C6C}.Release|Any CPU.Build.0 = Release|Any CPU
		{7A16016A-E0DE-4304-B869-E43570D361DE}.Debug|Any CPU.ActiveCfg = Debug|Any CPU
		{7A16016A-E0DE-4304-B869-E43570D361DE}.Debug|Any CPU.Build.0 = Debug|Any CPU
		{7A16016A-E0DE-4304-B869-E43570D361DE}.Release|Any CPU.ActiveCfg = Release|Any CPU
		{7A16016A-E0DE-4304-B869-E43570D361DE}.Release|Any CPU.Build.0 = Release|Any CPU
		{CDFB3263-1869-401B-AA9A-3233FF6836B0}.Debug|Any CPU.ActiveCfg = Debug|Any CPU
		{CDFB3263-1869-401B-AA9A-3233FF6836B0}.Debug|Any CPU.Build.0 = Debug|Any CPU
		{CDFB3263-1869-401B-AA9A-3233FF6836B0}.Release|Any CPU.ActiveCfg = Release|Any CPU
		{CDFB3263-1869-401B-AA9A-3233FF6836B0}.Release|Any CPU.Build.0 = Release|Any CPU
		{CAE85C7A-DDEE-49B0-8DD9-A823C60B8B30}.Debug|Any CPU.ActiveCfg = Debug|Any CPU
		{CAE85C7A-DDEE-49B0-8DD9-A823C60B8B30}.Debug|Any CPU.Build.0 = Debug|Any CPU
		{CAE85C7A-DDEE-49B0-8DD9-A823C60B8B30}.Release|Any CPU.ActiveCfg = Release|Any CPU
		{CAE85C7A-DDEE-49B0-8DD9-A823C60B8B30}.Release|Any CPU.Build.0 = Release|Any CPU
		{95600E67-36A1-4A17-8104-078D026920C5}.Debug|Any CPU.ActiveCfg = Debug|Any CPU
		{95600E67-36A1-4A17-8104-078D026920C5}.Debug|Any CPU.Build.0 = Debug|Any CPU
		{95600E67-36A1-4A17-8104-078D026920C5}.Release|Any CPU.ActiveCfg = Release|Any CPU
		{95600E67-36A1-4A17-8104-078D026920C5}.Release|Any CPU.Build.0 = Release|Any CPU
		{11EB18FB-8177-44B2-AD66-9AE303EF1B6A}.Debug|Any CPU.ActiveCfg = Debug|Any CPU
		{11EB18FB-8177-44B2-AD66-9AE303EF1B6A}.Debug|Any CPU.Build.0 = Debug|Any CPU
		{11EB18FB-8177-44B2-AD66-9AE303EF1B6A}.Release|Any CPU.ActiveCfg = Release|Any CPU
		{11EB18FB-8177-44B2-AD66-9AE303EF1B6A}.Release|Any CPU.Build.0 = Release|Any CPU
		{751E0376-690D-48B0-BBD7-4DC8572096D1}.Debug|Any CPU.ActiveCfg = Debug|Any CPU
		{751E0376-690D-48B0-BBD7-4DC8572096D1}.Debug|Any CPU.Build.0 = Debug|Any CPU
		{751E0376-690D-48B0-BBD7-4DC8572096D1}.Release|Any CPU.ActiveCfg = Release|Any CPU
		{751E0376-690D-48B0-BBD7-4DC8572096D1}.Release|Any CPU.Build.0 = Release|Any CPU
		{EAF7D2D5-A27C-4BCF-9F9B-3635BCE8773D}.Debug|Any CPU.ActiveCfg = Debug|Any CPU
		{EAF7D2D5-A27C-4BCF-9F9B-3635BCE8773D}.Debug|Any CPU.Build.0 = Debug|Any CPU
		{EAF7D2D5-A27C-4BCF-9F9B-3635BCE8773D}.Release|Any CPU.ActiveCfg = Release|Any CPU
		{EAF7D2D5-A27C-4BCF-9F9B-3635BCE8773D}.Release|Any CPU.Build.0 = Release|Any CPU
		{A0E92A5C-B70F-411D-B17B-AAEDA1FC4DBF}.Debug|Any CPU.ActiveCfg = Debug|Any CPU
		{A0E92A5C-B70F-411D-B17B-AAEDA1FC4DBF}.Debug|Any CPU.Build.0 = Debug|Any CPU
		{A0E92A5C-B70F-411D-B17B-AAEDA1FC4DBF}.Release|Any CPU.ActiveCfg = Release|Any CPU
		{A0E92A5C-B70F-411D-B17B-AAEDA1FC4DBF}.Release|Any CPU.Build.0 = Release|Any CPU
		{9D9ED122-B9A8-41DE-A97A-B9F476B0D6AE}.Debug|Any CPU.ActiveCfg = Debug|Any CPU
		{9D9ED122-B9A8-41DE-A97A-B9F476B0D6AE}.Debug|Any CPU.Build.0 = Debug|Any CPU
		{9D9ED122-B9A8-41DE-A97A-B9F476B0D6AE}.Release|Any CPU.ActiveCfg = Release|Any CPU
		{9D9ED122-B9A8-41DE-A97A-B9F476B0D6AE}.Release|Any CPU.Build.0 = Release|Any CPU
		{A84BA69F-4BDF-48B6-8817-631804694EE7}.Debug|Any CPU.ActiveCfg = Debug|Any CPU
		{A84BA69F-4BDF-48B6-8817-631804694EE7}.Debug|Any CPU.Build.0 = Debug|Any CPU
		{A84BA69F-4BDF-48B6-8817-631804694EE7}.Release|Any CPU.ActiveCfg = Release|Any CPU
		{A84BA69F-4BDF-48B6-8817-631804694EE7}.Release|Any CPU.Build.0 = Release|Any CPU
		{33B15655-BE56-445A-9906-545771838427}.Debug|Any CPU.ActiveCfg = Debug|Any CPU
		{33B15655-BE56-445A-9906-545771838427}.Debug|Any CPU.Build.0 = Debug|Any CPU
		{33B15655-BE56-445A-9906-545771838427}.Release|Any CPU.ActiveCfg = Release|Any CPU
		{33B15655-BE56-445A-9906-545771838427}.Release|Any CPU.Build.0 = Release|Any CPU
		{B266672D-881C-4719-B729-7F811D477BAB}.Debug|Any CPU.ActiveCfg = Debug|Any CPU
		{B266672D-881C-4719-B729-7F811D477BAB}.Debug|Any CPU.Build.0 = Debug|Any CPU
		{B266672D-881C-4719-B729-7F811D477BAB}.Release|Any CPU.ActiveCfg = Release|Any CPU
		{B266672D-881C-4719-B729-7F811D477BAB}.Release|Any CPU.Build.0 = Release|Any CPU
	EndGlobalSection
	GlobalSection(SolutionProperties) = preSolution
		HideSolutionNode = FALSE
	EndGlobalSection
	GlobalSection(ExtensibilityGlobals) = postSolution
		SolutionGuid = {33B59E25-5E21-4280-B560-4136D53DB2FF}
	EndGlobalSection
EndGlobal
